<?xml version="1.0" encoding="utf-8"?>
<Project ToolsVersion="4.0" xmlns="http://schemas.microsoft.com/developer/msbuild/2003">
  <ItemGroup>
    <Filter Include="Source Files">
      <UniqueIdentifier>{4FC737F1-C7A5-4376-A066-2A32D752A2FF}</UniqueIdentifier>
      <Extensions>cpp;c;cc;cxx;def;odl;idl;hpj;bat;asm;asmx</Extensions>
    </Filter>
    <Filter Include="Header Files">
      <UniqueIdentifier>{93995380-89BD-4b04-88EB-625FBE52EBFB}</UniqueIdentifier>
      <Extensions>h;hh;hpp;hxx;hm;inl;inc;xsd</Extensions>
    </Filter>
    <Filter Include="Resource Files">
      <UniqueIdentifier>{67DA6AB6-F800-4c08-8B7A-83BB121AAD01}</UniqueIdentifier>
      <Extensions>rc;ico;cur;bmp;dlg;rc2;rct;bin;rgs;gif;jpg;jpeg;jpe;resx;tiff;tif;png;wav;mfcribbon-ms</Extensions>
    </Filter>
    <Filter Include="Test Files">
      <UniqueIdentifier>{f833297a-617c-46c9-9f46-6c50f54ffde3}</UniqueIdentifier>
    </Filter>
    <Filter Include="Header Files\memorymanager">
      <UniqueIdentifier>{92a88eb8-f81c-4c04-822f-35f58024b5f0}</UniqueIdentifier>
    </Filter>
    <Filter Include="Header Files\memorymanager\memory">
      <UniqueIdentifier>{396de881-5fb9-4ba2-b8c4-c3f133284be5}</UniqueIdentifier>
    </Filter>
    <Filter Include="Header Files\fileio">
      <UniqueIdentifier>{e7af4413-166b-40d2-8ee1-0b7a9094b182}</UniqueIdentifier>
    </Filter>
    <Filter Include="Source Files\memorymanager">
      <UniqueIdentifier>{6fb5e4c8-ec73-4b66-a92d-31ea92b310b7}</UniqueIdentifier>
    </Filter>
    <Filter Include="Header Files\memorymanager\backingstore">
      <UniqueIdentifier>{e1842192-3782-48be-9039-0a070cf626a5}</UniqueIdentifier>
    </Filter>
    <Filter Include="Source Files\fileio">
      <UniqueIdentifier>{152b2735-8370-4a8b-bc69-c89f65fa0426}</UniqueIdentifier>
    </Filter>
    <Filter Include="Source Files\memorymanager\memory">
      <UniqueIdentifier>{8e9cd6be-3557-4f4d-9afd-4c20ad51ccc8}</UniqueIdentifier>
    </Filter>
    <Filter Include="Source Files\memorymanager\backingstore">
      <UniqueIdentifier>{1b466aa9-ab6d-4b04-8ac6-d02d41543d38}</UniqueIdentifier>
    </Filter>
  </ItemGroup>
  <ItemGroup>
    <Text Include="ReadMe.txt" />
    <Text Include="TLB replacement polity.txt" />
    <Text Include="prototypes.txt" />
    <Text Include="Notes.txt" />
  </ItemGroup>
  <ItemGroup>
    <ClInclude Include="testcode\testcode.h">
      <Filter>Test Files</Filter>
    </ClInclude>
    <ClInclude Include="testcode\test_io.h">
      <Filter>Test Files</Filter>
    </ClInclude>
    <ClInclude Include="utils\types.h">
      <Filter>Header Files</Filter>
    </ClInclude>
    <ClInclude Include="memorymanager\memory\main_memory.h">
      <Filter>Header Files\memorymanager\memory</Filter>
    </ClInclude>
    <ClInclude Include="memorymanager\memory_manager.h">
      <Filter>Header Files\memorymanager</Filter>
    </ClInclude>
    <ClInclude Include="memorymanager\memory\tlb.h">
      <Filter>Header Files\memorymanager\memory</Filter>
    </ClInclude>
    <ClInclude Include="memorymanager\memory\page_table.h">
      <Filter>Header Files\memorymanager\memory</Filter>
    </ClInclude>
    <ClInclude Include="io\fileio.h">
      <Filter>Header Files\fileio</Filter>
    </ClInclude>
    <ClInclude Include="testcode\test_memory_manager.h">
      <Filter>Test Files</Filter>
    </ClInclude>
    <ClInclude Include="utils\parameters.h">
      <Filter>Header Files</Filter>
    </ClInclude>
    <ClInclude Include="memorymanager\backingstore\backingstore_manager.h">
      <Filter>Header Files\memorymanager\backingstore</Filter>
    </ClInclude>
    <ClInclude Include="memorymanager\memory\page.h">
      <Filter>Header Files\memorymanager\memory</Filter>
    </ClInclude>
    <ClInclude Include="testcode\test_backingstore.h">
      <Filter>Test Files</Filter>
    </ClInclude>
    <ClInclude Include="testcode\test_page.h">
      <Filter>Test Files</Filter>
    </ClInclude>
    <ClInclude Include="testcode\test_main_memory.h">
      <Filter>Test Files</Filter>
    </ClInclude>
  </ItemGroup>
  <ItemGroup>
    <ClCompile Include="main.cc">
      <Filter>Source Files</Filter>
    </ClCompile>
    <ClCompile Include="memorymanager\memory_manager.cc">
      <Filter>Source Files\memorymanager</Filter>
    </ClCompile>
    <ClCompile Include="io\fileio.cc">
      <Filter>Source Files\fileio</Filter>
    </ClCompile>
    <ClCompile Include="memorymanager\memory\main_memory.cc">
      <Filter>Source Files\memorymanager\memory</Filter>
    </ClCompile>
    <ClCompile Include="memorymanager\memory\page_table.cc">
      <Filter>Source Files\memorymanager\memory</Filter>
    </ClCompile>
    <ClCompile Include="memorymanager\memory\tlb.cc">
      <Filter>Source Files\memorymanager\memory</Filter>
    </ClCompile>
    <ClCompile Include="memorymanager\backingstore\backingstore_manager.cc">
      <Filter>Source Files\memorymanager\backingstore</Filter>
    </ClCompile>
    <ClCompile Include="memorymanager\memory\page.cc">
      <Filter>Source Files\memorymanager\memory</Filter>
    </ClCompile>
  </ItemGroup>
</Project>