<?xml version="1.0" encoding="utf-8"?>
<Project ToolsVersion="4.0" xmlns="http://schemas.microsoft.com/developer/msbuild/2003">
  <ItemGroup>
    <Filter Include="Source Files">
      <UniqueIdentifier>{4FC737F1-C7A5-4376-A066-2A32D752A2FF}</UniqueIdentifier>
      <Extensions>cpp;c;cc;cxx;def;odl;idl;hpj;bat;asm;asmx</Extensions>
    </Filter>
    <Filter Include="Header Files">
      <UniqueIdentifier>{93995380-89BD-4b04-88EB-625FBE52EBFB}</UniqueIdentifier>
      <Extensions>h;hh;hpp;hxx;hm;inl;inc;xsd</Extensions>
    </Filter>
    <Filter Include="Resource Files">
      <UniqueIdentifier>{67DA6AB6-F800-4c08-8B7A-83BB121AAD01}</UniqueIdentifier>
      <Extensions>rc;ico;cur;bmp;dlg;rc2;rct;bin;rgs;gif;jpg;jpeg;jpe;resx;tiff;tif;png;wav;mfcribbon-ms</Extensions>
    </Filter>
    <Filter Include="Test Files">
      <UniqueIdentifier>{f833297a-617c-46c9-9f46-6c50f54ffde3}</UniqueIdentifier>
    </Filter>
    <Filter Include="Header Files\memorymanager">
      <UniqueIdentifier>{92a88eb8-f81c-4c04-822f-35f58024b5f0}</UniqueIdentifier>
    </Filter>
    <Filter Include="Header Files\memorymanager\memory">
      <UniqueIdentifier>{396de881-5fb9-4ba2-b8c4-c3f133284be5}</UniqueIdentifier>
    </Filter>
    <Filter Include="Header Files\fileio">
      <UniqueIdentifier>{e7af4413-166b-40d2-8ee1-0b7a9094b182}</UniqueIdentifier>
    </Filter>
    <Filter Include="Header Files\utils">
      <UniqueIdentifier>{5aca2cde-93a7-498f-94bc-f04cee7c1f26}</UniqueIdentifier>
    </Filter>
  </ItemGroup>
  <ItemGroup>
    <Text Include="ReadMe.txt" />
    <Text Include="TLB replacement polity.txt" />
    <Text Include="prototypes.txt" />
    <Text Include="Notes.txt" />
  </ItemGroup>
  <ItemGroup>
    <ClInclude Include="testcode\testcode.h">
      <Filter>Test Files</Filter>
    </ClInclude>
    <ClInclude Include="testcode\test_io.h">
      <Filter>Test Files</Filter>
    </ClInclude>
    <ClInclude Include="memorymanager\memory\main_memory.h">
      <Filter>Header Files\memorymanager\memory</Filter>
    </ClInclude>
    <ClInclude Include="memorymanager\memory_manager.h">
      <Filter>Header Files\memorymanager</Filter>
    </ClInclude>
    <ClInclude Include="memorymanager\memory\tlb.h">
      <Filter>Header Files\memorymanager\memory</Filter>
    </ClInclude>
    <ClInclude Include="memorymanager\memory\page_table.h">
      <Filter>Header Files\memorymanager\memory</Filter>
    </ClInclude>
    <ClInclude Include="io\fileio.h">
      <Filter>Header Files\fileio</Filter>
    </ClInclude>
    <ClInclude Include="testcode\test_memory_manager.h">
      <Filter>Test Files</Filter>
    </ClInclude>
    <ClInclude Include="utils\parameters.h">
      <Filter>Header Files\utils</Filter>
    </ClInclude>
    <ClInclude Include="utils\types.h">
      <Filter>Header Files\utils</Filter>
    </ClInclude>
  </ItemGroup>
  <ItemGroup>
    <ClCompile Include="io\fileio.cc">
      <Filter>Source Files</Filter>
    </ClCompile>
    <ClCompile Include="main.cc">
      <Filter>Source Files</Filter>
    </ClCompile>
  </ItemGroup>
</Project>